
Microsoft Visual Studio Solution File, Format Version 12.00
# Visual Studio 15
VisualStudioVersion = 15.0.28307.421
MinimumVisualStudioVersion = 10.0.40219.1
Project("{FAE04EC0-301F-11D3-BF4B-00C04F79EFBC}") = "Diploma-serverless", "Diploma-serverless\Diploma-serverless.csproj", "{195D7CBD-25AC-489B-A585-E8CBDEF4F13D}"
EndProject
Project("{FAE04EC0-301F-11D3-BF4B-00C04F79EFBC}") = "Functions", "Functions\Functions.csproj", "{1353EEE5-969E-42EA-95F5-0F80CD47239D}"
EndProject
Global
	GlobalSection(SolutionConfigurationPlatforms) = preSolution
		Debug|Any CPU = Debug|Any CPU
		Release|Any CPU = Release|Any CPU
	EndGlobalSection
	GlobalSection(ProjectConfigurationPlatforms) = postSolution
		{195D7CBD-25AC-489B-A585-E8CBDEF4F13D}.Debug|Any CPU.ActiveCfg = Debug|Any CPU
		{195D7CBD-25AC-489B-A585-E8CBDEF4F13D}.Debug|Any CPU.Build.0 = Debug|Any CPU
		{195D7CBD-25AC-489B-A585-E8CBDEF4F13D}.Release|Any CPU.ActiveCfg = Release|Any CPU
		{195D7CBD-25AC-489B-A585-E8CBDEF4F13D}.Release|Any CPU.Build.0 = Release|Any CPU
		{1353EEE5-969E-42EA-95F5-0F80CD47239D}.Debug|Any CPU.ActiveCfg = Debug|Any CPU
		{1353EEE5-969E-42EA-95F5-0F80CD47239D}.Debug|Any CPU.Build.0 = Debug|Any CPU
		{1353EEE5-969E-42EA-95F5-0F80CD47239D}.Release|Any CPU.ActiveCfg = Release|Any CPU
		{1353EEE5-969E-42EA-95F5-0F80CD47239D}.Release|Any CPU.Build.0 = Release|Any CPU
	EndGlobalSection
	GlobalSection(SolutionProperties) = preSolution
		HideSolutionNode = FALSE
	EndGlobalSection
	GlobalSection(ExtensibilityGlobals) = postSolution
		SolutionGuid = {B4EF1BBF-2C7B-4515-BD90-EBE248870274}
	EndGlobalSection
EndGlobal
